
Microsoft Visual Studio Solution File, Format Version 12.00
# Visual Studio Version 17
VisualStudioVersion = 17.8.34511.84
MinimumVisualStudioVersion = 10.0.40219.1
Project("{9A19103F-16F7-4668-BE54-9A1E7A4F7556}") = "STUDY.Console.ExcerciseTracker", "STUDY.Console.OneToManyExample\STUDY.Console.ExcerciseTracker.csproj", "{4789AFDF-A8CA-41D6-8707-CAF924E8D63F}"
EndProject
Global
	GlobalSection(SolutionConfigurationPlatforms) = preSolution
		Debug|Any CPU = Debug|Any CPU
		Release|Any CPU = Release|Any CPU
	EndGlobalSection
	GlobalSection(ProjectConfigurationPlatforms) = postSolution
		{4789AFDF-A8CA-41D6-8707-CAF924E8D63F}.Debug|Any CPU.ActiveCfg = Debug|Any CPU
		{4789AFDF-A8CA-41D6-8707-CAF924E8D63F}.Debug|Any CPU.Build.0 = Debug|Any CPU
		{4789AFDF-A8CA-41D6-8707-CAF924E8D63F}.Release|Any CPU.ActiveCfg = Release|Any CPU
		{4789AFDF-A8CA-41D6-8707-CAF924E8D63F}.Release|Any CPU.Build.0 = Release|Any CPU
	EndGlobalSection
	GlobalSection(SolutionProperties) = preSolution
		HideSolutionNode = FALSE
	EndGlobalSection
	GlobalSection(ExtensibilityGlobals) = postSolution
		SolutionGuid = {77424A3C-D709-41FC-954D-32A952BBE1E7}
	EndGlobalSection
EndGlobal
